
Microsoft Visual Studio Solution File, Format Version 12.00
# Visual Studio 2012
Project("{8BC9CEB8-8B4A-11D0-8D11-00A0C91BC942}") = "Exam2", "Exam2\Exam2.vcxproj", "{BDE1C490-B387-4FC5-8EEE-A2E6F962535A}"
EndProject
Global
	GlobalSection(SolutionConfigurationPlatforms) = preSolution
		Debug|Win32 = Debug|Win32
		Release|Win32 = Release|Win32
	EndGlobalSection
	GlobalSection(ProjectConfigurationPlatforms) = postSolution
		{BDE1C490-B387-4FC5-8EEE-A2E6F962535A}.Debug|Win32.ActiveCfg = Debug|Win32
		{BDE1C490-B387-4FC5-8EEE-A2E6F962535A}.Debug|Win32.Build.0 = Debug|Win32
		{BDE1C490-B387-4FC5-8EEE-A2E6F962535A}.Release|Win32.ActiveCfg = Release|Win32
		{BDE1C490-B387-4FC5-8EEE-A2E6F962535A}.Release|Win32.Build.0 = Release|Win32
	EndGlobalSection
	GlobalSection(SolutionProperties) = preSolution
		HideSolutionNode = FALSE
	EndGlobalSection
EndGlobal
